<?xml version="1.0" encoding="utf-8"?>
<Project ToolsVersion="4.0" xmlns="http://schemas.microsoft.com/developer/msbuild/2003">
  <ItemGroup>
    <Filter Include="Source Files">
      <UniqueIdentifier>{4FC737F1-C7A5-4376-A066-2A32D752A2FF}</UniqueIdentifier>
      <Extensions>cpp;c;cc;cxx;def;odl;idl;hpj;bat;asm;asmx</Extensions>
    </Filter>
    <Filter Include="Header Files">
      <UniqueIdentifier>{93995380-89BD-4b04-88EB-625FBE52EBFB}</UniqueIdentifier>
      <Extensions>h;hh;hpp;hxx;hm;inl;inc;xsd</Extensions>
    </Filter>
    <Filter Include="Resource Files">
      <UniqueIdentifier>{67DA6AB6-F800-4c08-8B7A-83BB121AAD01}</UniqueIdentifier>
      <Extensions>rc;ico;cur;bmp;dlg;rc2;rct;bin;rgs;gif;jpg;jpeg;jpe;resx;tiff;tif;png;wav;mfcribbon-ms</Extensions>
    </Filter>
  </ItemGroup>
  <ItemGroup>
    <ClInclude Include="header\FileText.h">
      <Filter>Header Files</Filter>
    </ClInclude>
    <ClInclude Include="header\Graphic.h">
      <Filter>Header Files</Filter>
    </ClInclude>
    <ClInclude Include="header\Menu.h">
      <Filter>Header Files</Filter>
    </ClInclude>
    <ClInclude Include="header\Slate.h">
      <Filter>Header Files</Filter>
    </ClInclude>
    <ClInclude Include="header\Sprite.h">
      <Filter>Header Files</Filter>
    </ClInclude>
    <ClInclude Include="header\Surface.h">
      <Filter>Header Files</Filter>
    </ClInclude>
    <ClInclude Include="header\Tracker.h">
      <Filter>Header Files</Filter>
    </ClInclude>
    <ClInclude Include="header\Button.h">
      <Filter>Header Files</Filter>
    </ClInclude>
    <ClInclude Include="header\Character.h">
      <Filter>Header Files</Filter>
    </ClInclude>
    <ClInclude Include="header\Console.h">
      <Filter>Header Files</Filter>
    </ClInclude>
    <ClInclude Include="auxilary\externs.h">
      <Filter>Header Files</Filter>
    </ClInclude>
    <ClInclude Include="auxilary\setup.h">
      <Filter>Header Files</Filter>
    </ClInclude>
    <ClInclude Include="header\Interface.h">
      <Filter>Header Files</Filter>
    </ClInclude>
    <ClInclude Include="header\PyInterface.h">
      <Filter>Header Files</Filter>
    </ClInclude>
    <ClInclude Include="header\Selector.h">
      <Filter>Header Files</Filter>
    </ClInclude>
    <ClInclude Include="header\Platform.h">
      <Filter>Header Files</Filter>
    </ClInclude>
    <ClInclude Include="header\Level.h">
      <Filter>Header Files</Filter>
    </ClInclude>
    <ClInclude Include="header\BaseObject.h">
      <Filter>Header Files</Filter>
    </ClInclude>
    <ClInclude Include="header\pugiconfig.hpp">
      <Filter>Header Files</Filter>
    </ClInclude>
  </ItemGroup>
  <ItemGroup>
    <Font Include="res\FreeMonoBold.ttf">
      <Filter>Resource Files</Filter>
    </Font>
  </ItemGroup>
  <ItemGroup>
    <None Include="res\test.py">
      <Filter>Resource Files</Filter>
    </None>
  </ItemGroup>
  <ItemGroup>
    <ClCompile Include="src\main.cpp">
      <Filter>Source Files</Filter>
    </ClCompile>
    <ClCompile Include="src\Menu.cpp">
      <Filter>Source Files</Filter>
    </ClCompile>
    <ClCompile Include="src\Slate.cpp">
      <Filter>Source Files</Filter>
    </ClCompile>
    <ClCompile Include="src\Sprite.cpp">
      <Filter>Source Files</Filter>
    </ClCompile>
    <ClCompile Include="src\Surface.cpp">
      <Filter>Source Files</Filter>
    </ClCompile>
    <ClCompile Include="src\Tracker.cpp">
      <Filter>Source Files</Filter>
    </ClCompile>
    <ClCompile Include="src\Button.cpp">
      <Filter>Source Files</Filter>
    </ClCompile>
    <ClCompile Include="src\Character.cpp">
      <Filter>Source Files</Filter>
    </ClCompile>
    <ClCompile Include="src\Console.cpp">
      <Filter>Source Files</Filter>
    </ClCompile>
    <ClCompile Include="src\FileText.cpp">
      <Filter>Source Files</Filter>
    </ClCompile>
    <ClCompile Include="src\Graphic.cpp">
      <Filter>Source Files</Filter>
    </ClCompile>
    <ClCompile Include="src\Selector.cpp">
      <Filter>Source Files</Filter>
    </ClCompile>
    <ClCompile Include="src\Interface.cpp">
      <Filter>Source Files</Filter>
    </ClCompile>
    <ClCompile Include="src\PyInterface.cpp">
      <Filter>Source Files</Filter>
    </ClCompile>
    <ClCompile Include="src\Platform.cpp">
      <Filter>Source Files</Filter>
    </ClCompile>
    <ClCompile Include="src\Level.cpp">
      <Filter>Source Files</Filter>
    </ClCompile>
    <ClCompile Include="src\BaseObject.cpp">
      <Filter>Source Files</Filter>
    </ClCompile>
    <ClCompile Include="src\pugixml.cpp">
      <Filter>Source Files</Filter>
    </ClCompile>
  </ItemGroup>
  <ItemGroup>
    <Xml Include="levels\test.xml">
      <Filter>Resource Files</Filter>
    </Xml>
    <Xml Include="levels\test0.xml">
      <Filter>Resource Files</Filter>
    </Xml>
    <Xml Include="levels\test1.xml">
      <Filter>Resource Files</Filter>
    </Xml>
    <Xml Include="levels\test2.xml">
      <Filter>Resource Files</Filter>
    </Xml>
    <Xml Include="levels\test3.xml">
      <Filter>Resource Files</Filter>
    </Xml>
    <Xml Include="levels\test4.xml">
      <Filter>Resource Files</Filter>
    </Xml>
  </ItemGroup>
  <ItemGroup>
    <Image Include="res\closeButton.png">
      <Filter>Resource Files</Filter>
    </Image>
  </ItemGroup>
</Project>